// !$*UTF8*$!
{
	archiveVersion = 1;
	classes = {
	};
	objectVersion = 56;
	objects = {

/* Begin PBXBuildFile section */
		2C411B272CD52F5F009083DD /* TimersApp.swift in Sources */ = {isa = PBXBuildFile; fileRef = 2C411B262CD52F5F009083DD /* TimersApp.swift */; };
		2C411B292CD52F5F009083DD /* ContentView.swift in Sources */ = {isa = PBXBuildFile; fileRef = 2C411B282CD52F5F009083DD /* ContentView.swift */; };
		2C411B2B2CD52F62009083DD /* Assets.xcassets in Resources */ = {isa = PBXBuildFile; fileRef = 2C411B2A2CD52F62009083DD /* Assets.xcassets */; };
		2C411B2E2CD52F62009083DD /* Preview Assets.xcassets in Resources */ = {isa = PBXBuildFile; fileRef = 2C411B2D2CD52F62009083DD /* Preview Assets.xcassets */; };
		2C411B382CD52F62009083DD /* TimersTests.swift in Sources */ = {isa = PBXBuildFile; fileRef = 2C411B372CD52F62009083DD /* TimersTests.swift */; };
		2C411B422CD52F62009083DD /* TimersUITests.swift in Sources */ = {isa = PBXBuildFile; fileRef = 2C411B412CD52F62009083DD /* TimersUITests.swift */; };
		2C411B442CD52F62009083DD /* TimersUITestsLaunchTests.swift in Sources */ = {isa = PBXBuildFile; fileRef = 2C411B432CD52F62009083DD /* TimersUITestsLaunchTests.swift */; };
/* End PBXBuildFile section */

/* Begin PBXContainerItemProxy section */
		2C411B342CD52F62009083DD /* PBXContainerItemProxy */ = {
			isa = PBXContainerItemProxy;
			containerPortal = 2C411B1B2CD52F5F009083DD /* Project object */;
			proxyType = 1;
			remoteGlobalIDString = 2C411B222CD52F5F009083DD;
			remoteInfo = Timers;
		};
		2C411B3E2CD52F62009083DD /* PBXContainerItemProxy */ = {
			isa = PBXContainerItemProxy;
			containerPortal = 2C411B1B2CD52F5F009083DD /* Project object */;
			proxyType = 1;
			remoteGlobalIDString = 2C411B222CD52F5F009083DD;
			remoteInfo = Timers;
		};
/* End PBXContainerItemProxy section */

/* Begin PBXFileReference section */
		2C411B232CD52F5F009083DD /* Timers.app */ = {isa = PBXFileReference; explicitFileType = wrapper.application; includeInIndex = 0; path = Timers.app; sourceTree = BUILT_PRODUCTS_DIR; };
		2C411B262CD52F5F009083DD /* TimersApp.swift */ = {isa = PBXFileReference; lastKnownFileType = sourcecode.swift; path = TimersApp.swift; sourceTree = "<group>"; };
		2C411B282CD52F5F009083DD /* ContentView.swift */ = {isa = PBXFileReference; lastKnownFileType = sourcecode.swift; path = ContentView.swift; sourceTree = "<group>"; };
		2C411B2A2CD52F62009083DD /* Assets.xcassets */ = {isa = PBXFileReference; lastKnownFileType = folder.assetcatalog; path = Assets.xcassets; sourceTree = "<group>"; };
		2C411B2D2CD52F62009083DD /* Preview Assets.xcassets */ = {isa = PBXFileReference; lastKnownFileType = folder.assetcatalog; path = "Preview Assets.xcassets"; sourceTree = "<group>"; };
		2C411B332CD52F62009083DD /* TimersTests.xctest */ = {isa = PBXFileReference; explicitFileType = wrapper.cfbundle; includeInIndex = 0; path = TimersTests.xctest; sourceTree = BUILT_PRODUCTS_DIR; };
		2C411B372CD52F62009083DD /* TimersTests.swift */ = {isa = PBXFileReference; lastKnownFileType = sourcecode.swift; path = TimersTests.swift; sourceTree = "<group>"; };
		2C411B3D2CD52F62009083DD /* TimersUITests.xctest */ = {isa = PBXFileReference; explicitFileType = wrapper.cfbundle; includeInIndex = 0; path = TimersUITests.xctest; sourceTree = BUILT_PRODUCTS_DIR; };
		2C411B412CD52F62009083DD /* TimersUITests.swift */ = {isa = PBXFileReference; lastKnownFileType = sourcecode.swift; path = TimersUITests.swift; sourceTree = "<group>"; };
		2C411B432CD52F62009083DD /* TimersUITestsLaunchTests.swift */ = {isa = PBXFileReference; lastKnownFileType = sourcecode.swift; path = TimersUITestsLaunchTests.swift; sourceTree = "<group>"; };
/* End PBXFileReference section */

/* Begin PBXFrameworksBuildPhase section */
		2C411B202CD52F5F009083DD /* Frameworks */ = {
			isa = PBXFrameworksBuildPhase;
			buildActionMask = 2147483647;
			files = (
			);
			runOnlyForDeploymentPostprocessing = 0;
		};
		2C411B302CD52F62009083DD /* Frameworks */ = {
			isa = PBXFrameworksBuildPhase;
			buildActionMask = 2147483647;
			files = (
			);
			runOnlyForDeploymentPostprocessing = 0;
		};
		2C411B3A2CD52F62009083DD /* Frameworks */ = {
			isa = PBXFrameworksBuildPhase;
			buildActionMask = 2147483647;
			files = (
			);
			runOnlyForDeploymentPostprocessing = 0;
		};
/* End PBXFrameworksBuildPhase section */

/* Begin PBXGroup section */
		2C411B1A2CD52F5F009083DD = {
			isa = PBXGroup;
			children = (
				2C411B252CD52F5F009083DD /* Timers */,
				2C411B362CD52F62009083DD /* TimersTests */,
				2C411B402CD52F62009083DD /* TimersUITests */,
				2C411B242CD52F5F009083DD /* Products */,
			);
			sourceTree = "<group>";
		};
		2C411B242CD52F5F009083DD /* Products */ = {
			isa = PBXGroup;
			children = (
				2C411B232CD52F5F009083DD /* Timers.app */,
				2C411B332CD52F62009083DD /* TimersTests.xctest */,
				2C411B3D2CD52F62009083DD /* TimersUITests.xctest */,
			);
			name = Products;
			sourceTree = "<group>";
		};
		2C411B252CD52F5F009083DD /* Timers */ = {
			isa = PBXGroup;
			children = (
				2C411B262CD52F5F009083DD /* TimersApp.swift */,
				2C411B282CD52F5F009083DD /* ContentView.swift */,
				2C411B2A2CD52F62009083DD /* Assets.xcassets */,
				2C411B2C2CD52F62009083DD /* Preview Content */,
			);
			path = Timers;
			sourceTree = "<group>";
		};
		2C411B2C2CD52F62009083DD /* Preview Content */ = {
			isa = PBXGroup;
			children = (
				2C411B2D2CD52F62009083DD /* Preview Assets.xcassets */,
			);
			path = "Preview Content";
			sourceTree = "<group>";
		};
		2C411B362CD52F62009083DD /* TimersTests */ = {
			isa = PBXGroup;
			children = (
				2C411B372CD52F62009083DD /* TimersTests.swift */,
			);
			path = TimersTests;
			sourceTree = "<group>";
		};
		2C411B402CD52F62009083DD /* TimersUITests */ = {
			isa = PBXGroup;
			children = (
				2C411B412CD52F62009083DD /* TimersUITests.swift */,
				2C411B432CD52F62009083DD /* TimersUITestsLaunchTests.swift */,
			);
			path = TimersUITests;
			sourceTree = "<group>";
		};
/* End PBXGroup section */

/* Begin PBXNativeTarget section */
		2C411B222CD52F5F009083DD /* Timers */ = {
			isa = PBXNativeTarget;
			buildConfigurationList = 2C411B472CD52F62009083DD /* Build configuration list for PBXNativeTarget "Timers" */;
			buildPhases = (
				2C411B1F2CD52F5F009083DD /* Sources */,
				2C411B202CD52F5F009083DD /* Frameworks */,
				2C411B212CD52F5F009083DD /* Resources */,
			);
			buildRules = (
			);
			dependencies = (
			);
			name = Timers;
			productName = Timers;
			productReference = 2C411B232CD52F5F009083DD /* Timers.app */;
			productType = "com.apple.product-type.application";
		};
		2C411B322CD52F62009083DD /* TimersTests */ = {
			isa = PBXNativeTarget;
			buildConfigurationList = 2C411B4A2CD52F62009083DD /* Build configuration list for PBXNativeTarget "TimersTests" */;
			buildPhases = (
				2C411B2F2CD52F62009083DD /* Sources */,
				2C411B302CD52F62009083DD /* Frameworks */,
				2C411B312CD52F62009083DD /* Resources */,
			);
			buildRules = (
			);
			dependencies = (
				2C411B352CD52F62009083DD /* PBXTargetDependency */,
			);
			name = TimersTests;
			productName = TimersTests;
			productReference = 2C411B332CD52F62009083DD /* TimersTests.xctest */;
			productType = "com.apple.product-type.bundle.unit-test";
		};
		2C411B3C2CD52F62009083DD /* TimersUITests */ = {
			isa = PBXNativeTarget;
			buildConfigurationList = 2C411B4D2CD52F62009083DD /* Build configuration list for PBXNativeTarget "TimersUITests" */;
			buildPhases = (
				2C411B392CD52F62009083DD /* Sources */,
				2C411B3A2CD52F62009083DD /* Frameworks */,
				2C411B3B2CD52F62009083DD /* Resources */,
			);
			buildRules = (
			);
			dependencies = (
				2C411B3F2CD52F62009083DD /* PBXTargetDependency */,
			);
			name = TimersUITests;
			productName = TimersUITests;
			productReference = 2C411B3D2CD52F62009083DD /* TimersUITests.xctest */;
			productType = "com.apple.product-type.bundle.ui-testing";
		};
/* End PBXNativeTarget section */

/* Begin PBXProject section */
		2C411B1B2CD52F5F009083DD /* Project object */ = {
			isa = PBXProject;
			attributes = {
				BuildIndependentTargetsInParallel = 1;
				LastSwiftUpdateCheck = 1530;
				LastUpgradeCheck = 1530;
				TargetAttributes = {
					2C411B222CD52F5F009083DD = {
						CreatedOnToolsVersion = 15.3;
					};
					2C411B322CD52F62009083DD = {
						CreatedOnToolsVersion = 15.3;
						TestTargetID = 2C411B222CD52F5F009083DD;
					};
					2C411B3C2CD52F62009083DD = {
						CreatedOnToolsVersion = 15.3;
						TestTargetID = 2C411B222CD52F5F009083DD;
					};
				};
			};
			buildConfigurationList = 2C411B1E2CD52F5F009083DD /* Build configuration list for PBXProject "Timers" */;
			compatibilityVersion = "Xcode 14.0";
			developmentRegion = en;
			hasScannedForEncodings = 0;
			knownRegions = (
				en,
				Base,
			);
			mainGroup = 2C411B1A2CD52F5F009083DD;
			productRefGroup = 2C411B242CD52F5F009083DD /* Products */;
			projectDirPath = "";
			projectRoot = "";
			targets = (
				2C411B222CD52F5F009083DD /* Timers */,
				2C411B322CD52F62009083DD /* TimersTests */,
				2C411B3C2CD52F62009083DD /* TimersUITests */,
			);
		};
/* End PBXProject section */

/* Begin PBXResourcesBuildPhase section */
		2C411B212CD52F5F009083DD /* Resources */ = {
			isa = PBXResourcesBuildPhase;
			buildActionMask = 2147483647;
			files = (
				2C411B2E2CD52F62009083DD /* Preview Assets.xcassets in Resources */,
				2C411B2B2CD52F62009083DD /* Assets.xcassets in Resources */,
			);
			runOnlyForDeploymentPostprocessing = 0;
		};
		2C411B312CD52F62009083DD /* Resources */ = {
			isa = PBXResourcesBuildPhase;
			buildActionMask = 2147483647;
			files = (
			);
			runOnlyForDeploymentPostprocessing = 0;
		};
		2C411B3B2CD52F62009083DD /* Resources */ = {
			isa = PBXResourcesBuildPhase;
			buildActionMask = 2147483647;
			files = (
			);
			runOnlyForDeploymentPostprocessing = 0;
		};
/* End PBXResourcesBuildPhase section */

/* Begin PBXSourcesBuildPhase section */
		2C411B1F2CD52F5F009083DD /* Sources */ = {
			isa = PBXSourcesBuildPhase;
			buildActionMask = 2147483647;
			files = (
				2C411B292CD52F5F009083DD /* ContentView.swift in Sources */,
				2C411B272CD52F5F009083DD /* TimersApp.swift in Sources */,
			);
			runOnlyForDeploymentPostprocessing = 0;
		};
		2C411B2F2CD52F62009083DD /* Sources */ = {
			isa = PBXSourcesBuildPhase;
			buildActionMask = 2147483647;
			files = (
				2C411B382CD52F62009083DD /* TimersTests.swift in Sources */,
			);
			runOnlyForDeploymentPostprocessing = 0;
		};
		2C411B392CD52F62009083DD /* Sources */ = {
			isa = PBXSourcesBuildPhase;
			buildActionMask = 2147483647;
			files = (
				2C411B442CD52F62009083DD /* TimersUITestsLaunchTests.swift in Sources */,
				2C411B422CD52F62009083DD /* TimersUITests.swift in Sources */,
			);
			runOnlyForDeploymentPostprocessing = 0;
		};
/* End PBXSourcesBuildPhase section */

/* Begin PBXTargetDependency section */
		2C411B352CD52F62009083DD /* PBXTargetDependency */ = {
			isa = PBXTargetDependency;
			target = 2C411B222CD52F5F009083DD /* Timers */;
			targetProxy = 2C411B342CD52F62009083DD /* PBXContainerItemProxy */;
		};
		2C411B3F2CD52F62009083DD /* PBXTargetDependency */ = {
			isa = PBXTargetDependency;
			target = 2C411B222CD52F5F009083DD /* Timers */;
			targetProxy = 2C411B3E2CD52F62009083DD /* PBXContainerItemProxy */;
		};
/* End PBXTargetDependency section */

/* Begin XCBuildConfiguration section */
		2C411B452CD52F62009083DD /* Debug */ = {
			isa = XCBuildConfiguration;
			buildSettings = {
				ALWAYS_SEARCH_USER_PATHS = NO;
				ASSETCATALOG_COMPILER_GENERATE_SWIFT_ASSET_SYMBOL_EXTENSIONS = YES;
				CLANG_ANALYZER_NONNULL = YES;
				CLANG_ANALYZER_NUMBER_OBJECT_CONVERSION = YES_AGGRESSIVE;
				CLANG_CXX_LANGUAGE_STANDARD = "gnu++20";
				CLANG_ENABLE_MODULES = YES;
				CLANG_ENABLE_OBJC_ARC = YES;
				CLANG_ENABLE_OBJC_WEAK = YES;
				CLANG_WARN_BLOCK_CAPTURE_AUTORELEASING = YES;
				CLANG_WARN_BOOL_CONVERSION = YES;
				CLANG_WARN_COMMA = YES;
				CLANG_WARN_CONSTANT_CONVERSION = YES;
				CLANG_WARN_DEPRECATED_OBJC_IMPLEMENTATIONS = YES;
				CLANG_WARN_DIRECT_OBJC_ISA_USAGE = YES_ERROR;
				CLANG_WARN_DOCUMENTATION_COMMENTS = YES;
				CLANG_WARN_EMPTY_BODY = YES;
				CLANG_WARN_ENUM_CONVERSION = YES;
				CLANG_WARN_INFINITE_RECURSION = YES;
				CLANG_WARN_INT_CONVERSION = YES;
				CLANG_WARN_NON_LITERAL_NULL_CONVERSION = YES;
				CLANG_WARN_OBJC_IMPLICIT_RETAIN_SELF = YES;
				CLANG_WARN_OBJC_LITERAL_CONVERSION = YES;
				CLANG_WARN_OBJC_ROOT_CLASS = YES_ERROR;
				CLANG_WARN_QUOTED_INCLUDE_IN_FRAMEWORK_HEADER = YES;
				CLANG_WARN_RANGE_LOOP_ANALYSIS = YES;
				CLANG_WARN_STRICT_PROTOTYPES = YES;
				CLANG_WARN_SUSPICIOUS_MOVE = YES;
				CLANG_WARN_UNGUARDED_AVAILABILITY = YES_AGGRESSIVE;
				CLANG_WARN_UNREACHABLE_CODE = YES;
				CLANG_WARN__DUPLICATE_METHOD_MATCH = YES;
				COPY_PHASE_STRIP = NO;
				DEBUG_INFORMATION_FORMAT = dwarf;
				ENABLE_STRICT_OBJC_MSGSEND = YES;
				ENABLE_TESTABILITY = YES;
				ENABLE_USER_SCRIPT_SANDBOXING = YES;
				GCC_C_LANGUAGE_STANDARD = gnu17;
				GCC_DYNAMIC_NO_PIC = NO;
				GCC_NO_COMMON_BLOCKS = YES;
				GCC_OPTIMIZATION_LEVEL = 0;
				GCC_PREPROCESSOR_DEFINITIONS = (
					"DEBUG=1",
					"$(inherited)",
				);
				GCC_WARN_64_TO_32_BIT_CONVERSION = YES;
				GCC_WARN_ABOUT_RETURN_TYPE = YES_ERROR;
				GCC_WARN_UNDECLARED_SELECTOR = YES;
				GCC_WARN_UNINITIALIZED_AUTOS = YES_AGGRESSIVE;
				GCC_WARN_UNUSED_FUNCTION = YES;
				GCC_WARN_UNUSED_VARIABLE = YES;
				IPHONEOS_DEPLOYMENT_TARGET = 17.4;
				LOCALIZATION_PREFERS_STRING_CATALOGS = YES;
				MTL_ENABLE_DEBUG_INFO = INCLUDE_SOURCE;
				MTL_FAST_MATH = YES;
				ONLY_ACTIVE_ARCH = YES;
				SDKROOT = iphoneos;
				SWIFT_ACTIVE_COMPILATION_CONDITIONS = "DEBUG $(inherited)";
				SWIFT_OPTIMIZATION_LEVEL = "-Onone";
			};
			name = Debug;
		};
		2C411B462CD52F62009083DD /* Release */ = {
			isa = XCBuildConfiguration;
			buildSettings = {
				ALWAYS_SEARCH_USER_PATHS = NO;
				ASSETCATALOG_COMPILER_GENERATE_SWIFT_ASSET_SYMBOL_EXTENSIONS = YES;
				CLANG_ANALYZER_NONNULL = YES;
				CLANG_ANALYZER_NUMBER_OBJECT_CONVERSION = YES_AGGRESSIVE;
				CLANG_CXX_LANGUAGE_STANDARD = "gnu++20";
				CLANG_ENABLE_MODULES = YES;
				CLANG_ENABLE_OBJC_ARC = YES;
				CLANG_ENABLE_OBJC_WEAK = YES;
				CLANG_WARN_BLOCK_CAPTURE_AUTORELEASING = YES;
				CLANG_WARN_BOOL_CONVERSION = YES;
				CLANG_WARN_COMMA = YES;
				CLANG_WARN_CONSTANT_CONVERSION = YES;
				CLANG_WARN_DEPRECATED_OBJC_IMPLEMENTATIONS = YES;
				CLANG_WARN_DIRECT_OBJC_ISA_USAGE = YES_ERROR;
				CLANG_WARN_DOCUMENTATION_COMMENTS = YES;
				CLANG_WARN_EMPTY_BODY = YES;
				CLANG_WARN_ENUM_CONVERSION = YES;
				CLANG_WARN_INFINITE_RECURSION = YES;
				CLANG_WARN_INT_CONVERSION = YES;
				CLANG_WARN_NON_LITERAL_NULL_CONVERSION = YES;
				CLANG_WARN_OBJC_IMPLICIT_RETAIN_SELF = YES;
				CLANG_WARN_OBJC_LITERAL_CONVERSION = YES;
				CLANG_WARN_OBJC_ROOT_CLASS = YES_ERROR;
				CLANG_WARN_QUOTED_INCLUDE_IN_FRAMEWORK_HEADER = YES;
				CLANG_WARN_RANGE_LOOP_ANALYSIS = YES;
				CLANG_WARN_STRICT_PROTOTYPES = YES;
				CLANG_WARN_SUSPICIOUS_MOVE = YES;
				CLANG_WARN_UNGUARDED_AVAILABILITY = YES_AGGRESSIVE;
				CLANG_WARN_UNREACHABLE_CODE = YES;
				CLANG_WARN__DUPLICATE_METHOD_MATCH = YES;
				COPY_PHASE_STRIP = NO;
				DEBUG_INFORMATION_FORMAT = "dwarf-with-dsym";
				ENABLE_NS_ASSERTIONS = NO;
				ENABLE_STRICT_OBJC_MSGSEND = YES;
				ENABLE_USER_SCRIPT_SANDBOXING = YES;
				GCC_C_LANGUAGE_STANDARD = gnu17;
				GCC_NO_COMMON_BLOCKS = YES;
				GCC_WARN_64_TO_32_BIT_CONVERSION = YES;
				GCC_WARN_ABOUT_RETURN_TYPE = YES_ERROR;
				GCC_WARN_UNDECLARED_SELECTOR = YES;
				GCC_WARN_UNINITIALIZED_AUTOS = YES_AGGRESSIVE;
				GCC_WARN_UNUSED_FUNCTION = YES;
				GCC_WARN_UNUSED_VARIABLE = YES;
				IPHONEOS_DEPLOYMENT_TARGET = 17.4;
				LOCALIZATION_PREFERS_STRING_CATALOGS = YES;
				MTL_ENABLE_DEBUG_INFO = NO;
				MTL_FAST_MATH = YES;
				SDKROOT = iphoneos;
				SWIFT_COMPILATION_MODE = wholemodule;
				VALIDATE_PRODUCT = YES;
			};
			name = Release;
		};
		2C411B482CD52F62009083DD /* Debug */ = {
			isa = XCBuildConfiguration;
			buildSettings = {
				ASSETCATALOG_COMPILER_APPICON_NAME = AppIcon;
				ASSETCATALOG_COMPILER_GLOBAL_ACCENT_COLOR_NAME = AccentColor;
				CODE_SIGN_STYLE = Automatic;
				CURRENT_PROJECT_VERSION = 1;
				DEVELOPMENT_ASSET_PATHS = "\"Timers/Preview Content\"";
				DEVELOPMENT_TEAM = TE487R478V;
				ENABLE_PREVIEWS = YES;
				GENERATE_INFOPLIST_FILE = YES;
				INFOPLIST_KEY_UIApplicationSceneManifest_Generation = YES;
				INFOPLIST_KEY_UIApplicationSupportsIndirectInputEvents = YES;
				INFOPLIST_KEY_UILaunchScreen_Generation = YES;
				INFOPLIST_KEY_UISupportedInterfaceOrientations_iPad = "UIInterfaceOrientationPortrait UIInterfaceOrientationPortraitUpsideDown UIInterfaceOrientationLandscapeLeft UIInterfaceOrientationLandscapeRight";
				INFOPLIST_KEY_UISupportedInterfaceOrientations_iPhone = "UIInterfaceOrientationPortrait UIInterfaceOrientationLandscapeLeft UIInterfaceOrientationLandscapeRight";
				LD_RUNPATH_SEARCH_PATHS = (
					"$(inherited)",
					"@executable_path/Frameworks",
				);
				MARKETING_VERSION = 1.0;
				PRODUCT_BUNDLE_IDENTIFIER = com.algonquincollege.Timers;
				PRODUCT_NAME = "$(TARGET_NAME)";
				SWIFT_EMIT_LOC_STRINGS = YES;
				SWIFT_VERSION = 5.0;
				TARGETED_DEVICE_FAMILY = "1,2";
			};
			name = Debug;
		};
		2C411B492CD52F62009083DD /* Release */ = {
			isa = XCBuildConfiguration;
			buildSettings = {
				ASSETCATALOG_COMPILER_APPICON_NAME = AppIcon;
				ASSETCATALOG_COMPILER_GLOBAL_ACCENT_COLOR_NAME = AccentColor;
				CODE_SIGN_STYLE = Automatic;
				CURRENT_PROJECT_VERSION = 1;
				DEVELOPMENT_ASSET_PATHS = "\"Timers/Preview Content\"";
				DEVELOPMENT_TEAM = TE487R478V;
				ENABLE_PREVIEWS = YES;
				GENERATE_INFOPLIST_FILE = YES;
				INFOPLIST_KEY_UIApplicationSceneManifest_Generation = YES;
				INFOPLIST_KEY_UIApplicationSupportsIndirectInputEvents = YES;
				INFOPLIST_KEY_UILaunchScreen_Generation = YES;
				INFOPLIST_KEY_UISupportedInterfaceOrientations_iPad = "UIInterfaceOrientationPortrait UIInterfaceOrientationPortraitUpsideDown UIInterfaceOrientationLandscapeLeft UIInterfaceOrientationLandscapeRight";
				INFOPLIST_KEY_UISupportedInterfaceOrientations_iPhone = "UIInterfaceOrientationPortrait UIInterfaceOrientationLandscapeLeft UIInterfaceOrientationLandscapeRight";
				LD_RUNPATH_SEARCH_PATHS = (
					"$(inherited)",
					"@executable_path/Frameworks",
				);
				MARKETING_VERSION = 1.0;
				PRODUCT_BUNDLE_IDENTIFIER = com.algonquincollege.Timers;
				PRODUCT_NAME = "$(TARGET_NAME)";
				SWIFT_EMIT_LOC_STRINGS = YES;
				SWIFT_VERSION = 5.0;
				TARGETED_DEVICE_FAMILY = "1,2";
			};
			name = Release;
		};
		2C411B4B2CD52F62009083DD /* Debug */ = {
			isa = XCBuildConfiguration;
			buildSettings = {
				ALWAYS_EMBED_SWIFT_STANDARD_LIBRARIES = YES;
				BUNDLE_LOADER = "$(TEST_HOST)";
				CODE_SIGN_STYLE = Automatic;
				CURRENT_PROJECT_VERSION = 1;
				DEVELOPMENT_TEAM = TE487R478V;
				GENERATE_INFOPLIST_FILE = YES;
				IPHONEOS_DEPLOYMENT_TARGET = 17.4;
				MARKETING_VERSION = 1.0;
				PRODUCT_BUNDLE_IDENTIFIER = com.algonquincollege.TimersTests;
				PRODUCT_NAME = "$(TARGET_NAME)";
				SWIFT_EMIT_LOC_STRINGS = NO;
				SWIFT_VERSION = 5.0;
				TARGETED_DEVICE_FAMILY = "1,2";
				TEST_HOST = "$(BUILT_PRODUCTS_DIR)/Timers.app/$(BUNDLE_EXECUTABLE_FOLDER_PATH)/Timers";
			};
			name = Debug;
		};
		2C411B4C2CD52F62009083DD /* Release */ = {
			isa = XCBuildConfiguration;
			buildSettings = {
				ALWAYS_EMBED_SWIFT_STANDARD_LIBRARIES = YES;
				BUNDLE_LOADER = "$(TEST_HOST)";
				CODE_SIGN_STYLE = Automatic;
				CURRENT_PROJECT_VERSION = 1;
				DEVELOPMENT_TEAM = TE487R478V;
				GENERATE_INFOPLIST_FILE = YES;
				IPHONEOS_DEPLOYMENT_TARGET = 17.4;
				MARKETING_VERSION = 1.0;
				PRODUCT_BUNDLE_IDENTIFIER = com.algonquincollege.TimersTests;
				PRODUCT_NAME = "$(TARGET_NAME)";
				SWIFT_EMIT_LOC_STRINGS = NO;
				SWIFT_VERSION = 5.0;
				TARGETED_DEVICE_FAMILY = "1,2";
				TEST_HOST = "$(BUILT_PRODUCTS_DIR)/Timers.app/$(BUNDLE_EXECUTABLE_FOLDER_PATH)/Timers";
			};
			name = Release;
		};
		2C411B4E2CD52F62009083DD /* Debug */ = {
			isa = XCBuildConfiguration;
			buildSettings = {
				ALWAYS_EMBED_SWIFT_STANDARD_LIBRARIES = YES;
				CODE_SIGN_STYLE = Automatic;
				CURRENT_PROJECT_VERSION = 1;
				DEVELOPMENT_TEAM = TE487R478V;
				GENERATE_INFOPLIST_FILE = YES;
				MARKETING_VERSION = 1.0;
				PRODUCT_BUNDLE_IDENTIFIER = com.algonquincollege.TimersUITests;
				PRODUCT_NAME = "$(TARGET_NAME)";
				SWIFT_EMIT_LOC_STRINGS = NO;
				SWIFT_VERSION = 5.0;
				TARGETED_DEVICE_FAMILY = "1,2";
				TEST_TARGET_NAME = Timers;
			};
			name = Debug;
		};
		2C411B4F2CD52F62009083DD /* Release */ = {
			isa = XCBuildConfiguration;
			buildSettings = {
				ALWAYS_EMBED_SWIFT_STANDARD_LIBRARIES = YES;
				CODE_SIGN_STYLE = Automatic;
				CURRENT_PROJECT_VERSION = 1;
				DEVELOPMENT_TEAM = TE487R478V;
				GENERATE_INFOPLIST_FILE = YES;
				MARKETING_VERSION = 1.0;
				PRODUCT_BUNDLE_IDENTIFIER = com.algonquincollege.TimersUITests;
				PRODUCT_NAME = "$(TARGET_NAME)";
				SWIFT_EMIT_LOC_STRINGS = NO;
				SWIFT_VERSION = 5.0;
				TARGETED_DEVICE_FAMILY = "1,2";
				TEST_TARGET_NAME = Timers;
			};
			name = Release;
		};
/* End XCBuildConfiguration section */

/* Begin XCConfigurationList section */
		2C411B1E2CD52F5F009083DD /* Build configuration list for PBXProject "Timers" */ = {
			isa = XCConfigurationList;
			buildConfigurations = (
				2C411B452CD52F62009083DD /* Debug */,
				2C411B462CD52F62009083DD /* Release */,
			);
			defaultConfigurationIsVisible = 0;
			defaultConfigurationName = Release;
		};
		2C411B472CD52F62009083DD /* Build configuration list for PBXNativeTarget "Timers" */ = {
			isa = XCConfigurationList;
			buildConfigurations = (
				2C411B482CD52F62009083DD /* Debug */,
				2C411B492CD52F62009083DD /* Release */,
			);
			defaultConfigurationIsVisible = 0;
			defaultConfigurationName = Release;
		};
		2C411B4A2CD52F62009083DD /* Build configuration list for PBXNativeTarget "TimersTests" */ = {
			isa = XCConfigurationList;
			buildConfigurations = (
				2C411B4B2CD52F62009083DD /* Debug */,
				2C411B4C2CD52F62009083DD /* Release */,
			);
			defaultConfigurationIsVisible = 0;
			defaultConfigurationName = Release;
		};
		2C411B4D2CD52F62009083DD /* Build configuration list for PBXNativeTarget "TimersUITests" */ = {
			isa = XCConfigurationList;
			buildConfigurations = (
				2C411B4E2CD52F62009083DD /* Debug */,
				2C411B4F2CD52F62009083DD /* Release */,
			);
			defaultConfigurationIsVisible = 0;
			defaultConfigurationName = Release;
		};
/* End XCConfigurationList section */
	};
	rootObject = 2C411B1B2CD52F5F009083DD /* Project object */;
}
